// !$*UTF8*$!
{
	archiveVersion = 1;
	classes = {
	};
	objectVersion = 50;
	objects = {

/* Begin PBXBuildFile section */
		C095DE7D9303C5F966E7928B /* Pods_Weather.framework in Frameworks */ = {isa = PBXBuildFile; fileRef = D9D7604F996BB86667FEDF07 /* Pods_Weather.framework */; };
		E1013CAA2269706F00E4D417 /* Keys.swift in Sources */ = {isa = PBXBuildFile; fileRef = E1013CA92269706F00E4D417 /* Keys.swift */; };
		E1013CB82269745E00E4D417 /* WeatherCell.swift in Sources */ = {isa = PBXBuildFile; fileRef = E1013CB72269745E00E4D417 /* WeatherCell.swift */; };
		E1013CBB2269747800E4D417 /* WeatherVM.swift in Sources */ = {isa = PBXBuildFile; fileRef = E1013CBA2269747800E4D417 /* WeatherVM.swift */; };
		E1013CBD2269748000E4D417 /* ForecastVM.swift in Sources */ = {isa = PBXBuildFile; fileRef = E1013CBC2269748000E4D417 /* ForecastVM.swift */; };
		E1013CC02269749900E4D417 /* WeatherListVC.swift in Sources */ = {isa = PBXBuildFile; fileRef = E1013CBF2269749900E4D417 /* WeatherListVC.swift */; };
		E1013CC2226974A600E4D417 /* ForecastVC.swift in Sources */ = {isa = PBXBuildFile; fileRef = E1013CC1226974A600E4D417 /* ForecastVC.swift */; };
		E122B742226A28BF00E05D51 /* GMSPlacePicker.swift in Sources */ = {isa = PBXBuildFile; fileRef = E122B741226A28BF00E05D51 /* GMSPlacePicker.swift */; };
		E1684E602269160F00A96B78 /* AppDelegate.swift in Sources */ = {isa = PBXBuildFile; fileRef = E1684E5F2269160F00A96B78 /* AppDelegate.swift */; };
		E1684E652269160F00A96B78 /* Main.storyboard in Resources */ = {isa = PBXBuildFile; fileRef = E1684E632269160F00A96B78 /* Main.storyboard */; };
		E1684E672269161000A96B78 /* Assets.xcassets in Resources */ = {isa = PBXBuildFile; fileRef = E1684E662269161000A96B78 /* Assets.xcassets */; };
		E1684E6A2269161000A96B78 /* LaunchScreen.storyboard in Resources */ = {isa = PBXBuildFile; fileRef = E1684E682269161000A96B78 /* LaunchScreen.storyboard */; };
		E1684E77226916E800A96B78 /* WeatherService.swift in Sources */ = {isa = PBXBuildFile; fileRef = E1684E76226916E800A96B78 /* WeatherService.swift */; };
		E1684E8222691CC900A96B78 /* WeatherModel.swift in Sources */ = {isa = PBXBuildFile; fileRef = E1684E8122691CC900A96B78 /* WeatherModel.swift */; };
/* End PBXBuildFile section */

/* Begin PBXFileReference section */
		1FDB3C5C1B98D5D49D3192D6 /* Pods-Weather.release.xcconfig */ = {isa = PBXFileReference; includeInIndex = 1; lastKnownFileType = text.xcconfig; name = "Pods-Weather.release.xcconfig"; path = "Target Support Files/Pods-Weather/Pods-Weather.release.xcconfig"; sourceTree = "<group>"; };
		7B09C5C8ACD6423E2ABE7A30 /* Pods-Weather.debug.xcconfig */ = {isa = PBXFileReference; includeInIndex = 1; lastKnownFileType = text.xcconfig; name = "Pods-Weather.debug.xcconfig"; path = "Target Support Files/Pods-Weather/Pods-Weather.debug.xcconfig"; sourceTree = "<group>"; };
		D9D7604F996BB86667FEDF07 /* Pods_Weather.framework */ = {isa = PBXFileReference; explicitFileType = wrapper.framework; includeInIndex = 0; path = Pods_Weather.framework; sourceTree = BUILT_PRODUCTS_DIR; };
		E1013CA92269706F00E4D417 /* Keys.swift */ = {isa = PBXFileReference; lastKnownFileType = sourcecode.swift; path = Keys.swift; sourceTree = "<group>"; };
		E1013CB72269745E00E4D417 /* WeatherCell.swift */ = {isa = PBXFileReference; lastKnownFileType = sourcecode.swift; path = WeatherCell.swift; sourceTree = "<group>"; };
		E1013CBA2269747800E4D417 /* WeatherVM.swift */ = {isa = PBXFileReference; lastKnownFileType = sourcecode.swift; path = WeatherVM.swift; sourceTree = "<group>"; };
		E1013CBC2269748000E4D417 /* ForecastVM.swift */ = {isa = PBXFileReference; lastKnownFileType = sourcecode.swift; path = ForecastVM.swift; sourceTree = "<group>"; };
		E1013CBF2269749900E4D417 /* WeatherListVC.swift */ = {isa = PBXFileReference; lastKnownFileType = sourcecode.swift; path = WeatherListVC.swift; sourceTree = "<group>"; };
		E1013CC1226974A600E4D417 /* ForecastVC.swift */ = {isa = PBXFileReference; lastKnownFileType = sourcecode.swift; path = ForecastVC.swift; sourceTree = "<group>"; };
		E122B741226A28BF00E05D51 /* GMSPlacePicker.swift */ = {isa = PBXFileReference; lastKnownFileType = sourcecode.swift; path = GMSPlacePicker.swift; sourceTree = "<group>"; };
		E1684E5C2269160F00A96B78 /* Weather.app */ = {isa = PBXFileReference; explicitFileType = wrapper.application; includeInIndex = 0; path = Weather.app; sourceTree = BUILT_PRODUCTS_DIR; };
		E1684E5F2269160F00A96B78 /* AppDelegate.swift */ = {isa = PBXFileReference; lastKnownFileType = sourcecode.swift; path = AppDelegate.swift; sourceTree = "<group>"; };
		E1684E642269160F00A96B78 /* Base */ = {isa = PBXFileReference; lastKnownFileType = file.storyboard; name = Base; path = Base.lproj/Main.storyboard; sourceTree = "<group>"; };
		E1684E662269161000A96B78 /* Assets.xcassets */ = {isa = PBXFileReference; lastKnownFileType = folder.assetcatalog; path = Assets.xcassets; sourceTree = "<group>"; };
		E1684E692269161000A96B78 /* Base */ = {isa = PBXFileReference; lastKnownFileType = file.storyboard; name = Base; path = Base.lproj/LaunchScreen.storyboard; sourceTree = "<group>"; };
		E1684E6B2269161000A96B78 /* Info.plist */ = {isa = PBXFileReference; lastKnownFileType = text.plist.xml; path = Info.plist; sourceTree = "<group>"; };
		E1684E76226916E800A96B78 /* WeatherService.swift */ = {isa = PBXFileReference; lastKnownFileType = sourcecode.swift; path = WeatherService.swift; sourceTree = "<group>"; };
		E1684E8122691CC900A96B78 /* WeatherModel.swift */ = {isa = PBXFileReference; lastKnownFileType = sourcecode.swift; path = WeatherModel.swift; sourceTree = "<group>"; };
/* End PBXFileReference section */

/* Begin PBXFrameworksBuildPhase section */
		E1684E592269160F00A96B78 /* Frameworks */ = {
			isa = PBXFrameworksBuildPhase;
			buildActionMask = 2147483647;
			files = (
				C095DE7D9303C5F966E7928B /* Pods_Weather.framework in Frameworks */,
			);
			runOnlyForDeploymentPostprocessing = 0;
		};
/* End PBXFrameworksBuildPhase section */

/* Begin PBXGroup section */
		2E442D15271F6FCB13F6EF8E /* Pods */ = {
			isa = PBXGroup;
			children = (
				7B09C5C8ACD6423E2ABE7A30 /* Pods-Weather.debug.xcconfig */,
				1FDB3C5C1B98D5D49D3192D6 /* Pods-Weather.release.xcconfig */,
			);
			path = Pods;
			sourceTree = "<group>";
		};
		E1013CA82269706300E4D417 /* APIKeys */ = {
			isa = PBXGroup;
			children = (
				E1013CA92269706F00E4D417 /* Keys.swift */,
			);
			path = APIKeys;
			sourceTree = "<group>";
		};
		E1013CB62269744C00E4D417 /* View */ = {
			isa = PBXGroup;
			children = (
				E1013CB72269745E00E4D417 /* WeatherCell.swift */,
			);
			path = View;
			sourceTree = "<group>";
		};
		E1013CB92269746800E4D417 /* ViewModel */ = {
			isa = PBXGroup;
			children = (
				E1013CBA2269747800E4D417 /* WeatherVM.swift */,
				E1013CBC2269748000E4D417 /* ForecastVM.swift */,
			);
			path = ViewModel;
			sourceTree = "<group>";
		};
		E1013CBE2269748400E4D417 /* Controller */ = {
			isa = PBXGroup;
			children = (
				E1013CBF2269749900E4D417 /* WeatherListVC.swift */,
				E1013CC1226974A600E4D417 /* ForecastVC.swift */,
			);
			path = Controller;
			sourceTree = "<group>";
		};
		E122B73F226A28A100E05D51 /* CustomClasses */ = {
			isa = PBXGroup;
			children = (
				E122B741226A28BF00E05D51 /* GMSPlacePicker.swift */,
			);
			path = CustomClasses;
			sourceTree = "<group>";
		};
		E1684E532269160F00A96B78 = {
			isa = PBXGroup;
			children = (
				E1684E5E2269160F00A96B78 /* Weather */,
				E1684E5D2269160F00A96B78 /* Products */,
				2E442D15271F6FCB13F6EF8E /* Pods */,
				E74BF833544021AD8C3A2A6D /* Frameworks */,
			);
			sourceTree = "<group>";
		};
		E1684E5D2269160F00A96B78 /* Products */ = {
			isa = PBXGroup;
			children = (
				E1684E5C2269160F00A96B78 /* Weather.app */,
			);
			name = Products;
			sourceTree = "<group>";
		};
		E1684E5E2269160F00A96B78 /* Weather */ = {
			isa = PBXGroup;
			children = (
				E122B73F226A28A100E05D51 /* CustomClasses */,
				E1013CBE2269748400E4D417 /* Controller */,
				E1013CB92269746800E4D417 /* ViewModel */,
				E1013CB62269744C00E4D417 /* View */,
				E1684E722269167800A96B78 /* Model */,
				E1684E712269167200A96B78 /* Storyboard */,
				E1684E5F2269160F00A96B78 /* AppDelegate.swift */,
				E1684E792269170800A96B78 /* Support */,
			);
			path = Weather;
			sourceTree = "<group>";
		};
		E1684E712269167200A96B78 /* Storyboard */ = {
			isa = PBXGroup;
			children = (
				E1684E632269160F00A96B78 /* Main.storyboard */,
				E1684E682269161000A96B78 /* LaunchScreen.storyboard */,
			);
			path = Storyboard;
			sourceTree = "<group>";
		};
		E1684E722269167800A96B78 /* Model */ = {
			isa = PBXGroup;
			children = (
				E1684E76226916E800A96B78 /* WeatherService.swift */,
				E1684E8122691CC900A96B78 /* WeatherModel.swift */,
			);
			path = Model;
			sourceTree = "<group>";
		};
		E1684E792269170800A96B78 /* Support */ = {
			isa = PBXGroup;
			children = (
				E1684E6B2269161000A96B78 /* Info.plist */,
				E1013CA82269706300E4D417 /* APIKeys */,
				E1684E662269161000A96B78 /* Assets.xcassets */,
			);
			path = Support;
			sourceTree = "<group>";
		};
		E74BF833544021AD8C3A2A6D /* Frameworks */ = {
			isa = PBXGroup;
			children = (
				D9D7604F996BB86667FEDF07 /* Pods_Weather.framework */,
			);
			name = Frameworks;
			sourceTree = "<group>";
		};
/* End PBXGroup section */

/* Begin PBXNativeTarget section */
		E1684E5B2269160F00A96B78 /* Weather */ = {
			isa = PBXNativeTarget;
			buildConfigurationList = E1684E6E2269161000A96B78 /* Build configuration list for PBXNativeTarget "Weather" */;
			buildPhases = (
				BBB5B099F496F5174EE3AC83 /* [CP] Check Pods Manifest.lock */,
				E1684E582269160F00A96B78 /* Sources */,
				E1684E592269160F00A96B78 /* Frameworks */,
				E1684E5A2269160F00A96B78 /* Resources */,
				37AF5181B901EB160A74CD09 /* [CP] Copy Pods Resources */,
			);
			buildRules = (
			);
			dependencies = (
			);
			name = Weather;
			productName = Weather;
			productReference = E1684E5C2269160F00A96B78 /* Weather.app */;
			productType = "com.apple.product-type.application";
		};
/* End PBXNativeTarget section */

/* Begin PBXProject section */
		E1684E542269160F00A96B78 /* Project object */ = {
			isa = PBXProject;
			attributes = {
				LastSwiftUpdateCheck = 1020;
				LastUpgradeCheck = 1020;
				ORGANIZATIONNAME = iOSPlayground;
				TargetAttributes = {
					E1684E5B2269160F00A96B78 = {
						CreatedOnToolsVersion = 10.2;
					};
				};
			};
			buildConfigurationList = E1684E572269160F00A96B78 /* Build configuration list for PBXProject "Weather" */;
			compatibilityVersion = "Xcode 9.3";
			developmentRegion = en;
			hasScannedForEncodings = 0;
			knownRegions = (
				en,
				Base,
			);
			mainGroup = E1684E532269160F00A96B78;
			productRefGroup = E1684E5D2269160F00A96B78 /* Products */;
			projectDirPath = "";
			projectRoot = "";
			targets = (
				E1684E5B2269160F00A96B78 /* Weather */,
			);
		};
/* End PBXProject section */

/* Begin PBXResourcesBuildPhase section */
		E1684E5A2269160F00A96B78 /* Resources */ = {
			isa = PBXResourcesBuildPhase;
			buildActionMask = 2147483647;
			files = (
				E1684E6A2269161000A96B78 /* LaunchScreen.storyboard in Resources */,
				E1684E672269161000A96B78 /* Assets.xcassets in Resources */,
				E1684E652269160F00A96B78 /* Main.storyboard in Resources */,
			);
			runOnlyForDeploymentPostprocessing = 0;
		};
/* End PBXResourcesBuildPhase section */

/* Begin PBXShellScriptBuildPhase section */
		37AF5181B901EB160A74CD09 /* [CP] Copy Pods Resources */ = {
			isa = PBXShellScriptBuildPhase;
			buildActionMask = 2147483647;
			files = (
			);
			inputFileListPaths = (
			);
			inputPaths = (
				"${PODS_ROOT}/Target Support Files/Pods-Weather/Pods-Weather-resources.sh",
				"${PODS_ROOT}/GoogleMaps/Maps/Frameworks/GoogleMaps.framework/Resources/GoogleMaps.bundle",
				"${PODS_ROOT}/GooglePlacePicker/Frameworks/GooglePlacePicker.framework/Resources/GooglePlacePicker.bundle",
				"${PODS_ROOT}/GooglePlaces/Frameworks/GooglePlaces.framework/Resources/GooglePlaces.bundle",
			);
			name = "[CP] Copy Pods Resources";
			outputFileListPaths = (
			);
			outputPaths = (
				"${TARGET_BUILD_DIR}/${UNLOCALIZED_RESOURCES_FOLDER_PATH}/GoogleMaps.bundle",
				"${TARGET_BUILD_DIR}/${UNLOCALIZED_RESOURCES_FOLDER_PATH}/GooglePlacePicker.bundle",
				"${TARGET_BUILD_DIR}/${UNLOCALIZED_RESOURCES_FOLDER_PATH}/GooglePlaces.bundle",
			);
			runOnlyForDeploymentPostprocessing = 0;
			shellPath = /bin/sh;
			shellScript = "\"${PODS_ROOT}/Target Support Files/Pods-Weather/Pods-Weather-resources.sh\"\n";
			showEnvVarsInLog = 0;
		};
		BBB5B099F496F5174EE3AC83 /* [CP] Check Pods Manifest.lock */ = {
			isa = PBXShellScriptBuildPhase;
			buildActionMask = 2147483647;
			files = (
			);
			inputFileListPaths = (
			);
			inputPaths = (
				"${PODS_PODFILE_DIR_PATH}/Podfile.lock",
				"${PODS_ROOT}/Manifest.lock",
			);
			name = "[CP] Check Pods Manifest.lock";
			outputFileListPaths = (
			);
			outputPaths = (
				"$(DERIVED_FILE_DIR)/Pods-Weather-checkManifestLockResult.txt",
			);
			runOnlyForDeploymentPostprocessing = 0;
			shellPath = /bin/sh;
			shellScript = "diff \"${PODS_PODFILE_DIR_PATH}/Podfile.lock\" \"${PODS_ROOT}/Manifest.lock\" > /dev/null\nif [ $? != 0 ] ; then\n    # print error to STDERR\n    echo \"error: The sandbox is not in sync with the Podfile.lock. Run 'pod install' or update your CocoaPods installation.\" >&2\n    exit 1\nfi\n# This output is used by Xcode 'outputs' to avoid re-running this script phase.\necho \"SUCCESS\" > \"${SCRIPT_OUTPUT_FILE_0}\"\n";
			showEnvVarsInLog = 0;
		};
/* End PBXShellScriptBuildPhase section */

/* Begin PBXSourcesBuildPhase section */
		E1684E582269160F00A96B78 /* Sources */ = {
			isa = PBXSourcesBuildPhase;
			buildActionMask = 2147483647;
			files = (
				E1013CC2226974A600E4D417 /* ForecastVC.swift in Sources */,
				E1684E77226916E800A96B78 /* WeatherService.swift in Sources */,
				E1013CAA2269706F00E4D417 /* Keys.swift in Sources */,
				E1013CB82269745E00E4D417 /* WeatherCell.swift in Sources */,
				E1013CC02269749900E4D417 /* WeatherListVC.swift in Sources */,
				E122B742226A28BF00E05D51 /* GMSPlacePicker.swift in Sources */,
				E1684E602269160F00A96B78 /* AppDelegate.swift in Sources */,
				E1684E8222691CC900A96B78 /* WeatherModel.swift in Sources */,
				E1013CBD2269748000E4D417 /* ForecastVM.swift in Sources */,
				E1013CBB2269747800E4D417 /* WeatherVM.swift in Sources */,
			);
			runOnlyForDeploymentPostprocessing = 0;
		};
/* End PBXSourcesBuildPhase section */

/* Begin PBXVariantGroup section */
		E1684E632269160F00A96B78 /* Main.storyboard */ = {
			isa = PBXVariantGroup;
			children = (
				E1684E642269160F00A96B78 /* Base */,
			);
			name = Main.storyboard;
			sourceTree = "<group>";
		};
		E1684E682269161000A96B78 /* LaunchScreen.storyboard */ = {
			isa = PBXVariantGroup;
			children = (
				E1684E692269161000A96B78 /* Base */,
			);
			name = LaunchScreen.storyboard;
			sourceTree = "<group>";
		};
/* End PBXVariantGroup section */

/* Begin XCBuildConfiguration section */
		E1684E6C2269161000A96B78 /* Debug */ = {
			isa = XCBuildConfiguration;
			buildSettings = {
				ALWAYS_SEARCH_USER_PATHS = NO;
				CLANG_ANALYZER_NONNULL = YES;
				CLANG_ANALYZER_NUMBER_OBJECT_CONVERSION = YES_AGGRESSIVE;
				CLANG_CXX_LANGUAGE_STANDARD = "gnu++14";
				CLANG_CXX_LIBRARY = "libc++";
				CLANG_ENABLE_MODULES = YES;
				CLANG_ENABLE_OBJC_ARC = YES;
				CLANG_ENABLE_OBJC_WEAK = YES;
				CLANG_WARN_BLOCK_CAPTURE_AUTORELEASING = YES;
				CLANG_WARN_BOOL_CONVERSION = YES;
				CLANG_WARN_COMMA = YES;
				CLANG_WARN_CONSTANT_CONVERSION = YES;
				CLANG_WARN_DEPRECATED_OBJC_IMPLEMENTATIONS = YES;
				CLANG_WARN_DIRECT_OBJC_ISA_USAGE = YES_ERROR;
				CLANG_WARN_DOCUMENTATION_COMMENTS = YES;
				CLANG_WARN_EMPTY_BODY = YES;
				CLANG_WARN_ENUM_CONVERSION = YES;
				CLANG_WARN_INFINITE_RECURSION = YES;
				CLANG_WARN_INT_CONVERSION = YES;
				CLANG_WARN_NON_LITERAL_NULL_CONVERSION = YES;
				CLANG_WARN_OBJC_IMPLICIT_RETAIN_SELF = YES;
				CLANG_WARN_OBJC_LITERAL_CONVERSION = YES;
				CLANG_WARN_OBJC_ROOT_CLASS = YES_ERROR;
				CLANG_WARN_RANGE_LOOP_ANALYSIS = YES;
				CLANG_WARN_STRICT_PROTOTYPES = YES;
				CLANG_WARN_SUSPICIOUS_MOVE = YES;
				CLANG_WARN_UNGUARDED_AVAILABILITY = YES_AGGRESSIVE;
				CLANG_WARN_UNREACHABLE_CODE = YES;
				CLANG_WARN__DUPLICATE_METHOD_MATCH = YES;
				CODE_SIGN_IDENTITY = "iPhone Developer";
				COPY_PHASE_STRIP = NO;
				DEBUG_INFORMATION_FORMAT = dwarf;
				ENABLE_STRICT_OBJC_MSGSEND = YES;
				ENABLE_TESTABILITY = YES;
				GCC_C_LANGUAGE_STANDARD = gnu11;
				GCC_DYNAMIC_NO_PIC = NO;
				GCC_NO_COMMON_BLOCKS = YES;
				GCC_OPTIMIZATION_LEVEL = 0;
				GCC_PREPROCESSOR_DEFINITIONS = (
					"DEBUG=1",
					"$(inherited)",
				);
				GCC_WARN_64_TO_32_BIT_CONVERSION = YES;
				GCC_WARN_ABOUT_RETURN_TYPE = YES_ERROR;
				GCC_WARN_UNDECLARED_SELECTOR = YES;
				GCC_WARN_UNINITIALIZED_AUTOS = YES_AGGRESSIVE;
				GCC_WARN_UNUSED_FUNCTION = YES;
				GCC_WARN_UNUSED_VARIABLE = YES;
				IPHONEOS_DEPLOYMENT_TARGET = 12.2;
				MTL_ENABLE_DEBUG_INFO = INCLUDE_SOURCE;
				MTL_FAST_MATH = YES;
				ONLY_ACTIVE_ARCH = YES;
				SDKROOT = iphoneos;
				SWIFT_ACTIVE_COMPILATION_CONDITIONS = DEBUG;
				SWIFT_OPTIMIZATION_LEVEL = "-Onone";
			};
			name = Debug;
		};
		E1684E6D2269161000A96B78 /* Release */ = {
			isa = XCBuildConfiguration;
			buildSettings = {
				ALWAYS_SEARCH_USER_PATHS = NO;
				CLANG_ANALYZER_NONNULL = YES;
				CLANG_ANALYZER_NUMBER_OBJECT_CONVERSION = YES_AGGRESSIVE;
				CLANG_CXX_LANGUAGE_STANDARD = "gnu++14";
				CLANG_CXX_LIBRARY = "libc++";
				CLANG_ENABLE_MODULES = YES;
				CLANG_ENABLE_OBJC_ARC = YES;
				CLANG_ENABLE_OBJC_WEAK = YES;
				CLANG_WARN_BLOCK_CAPTURE_AUTORELEASING = YES;
				CLANG_WARN_BOOL_CONVERSION = YES;
				CLANG_WARN_COMMA = YES;
				CLANG_WARN_CONSTANT_CONVERSION = YES;
				CLANG_WARN_DEPRECATED_OBJC_IMPLEMENTATIONS = YES;
				CLANG_WARN_DIRECT_OBJC_ISA_USAGE = YES_ERROR;
				CLANG_WARN_DOCUMENTATION_COMMENTS = YES;
				CLANG_WARN_EMPTY_BODY = YES;
				CLANG_WARN_ENUM_CONVERSION = YES;
				CLANG_WARN_INFINITE_RECURSION = YES;
				CLANG_WARN_INT_CONVERSION = YES;
				CLANG_WARN_NON_LITERAL_NULL_CONVERSION = YES;
				CLANG_WARN_OBJC_IMPLICIT_RETAIN_SELF = YES;
				CLANG_WARN_OBJC_LITERAL_CONVERSION = YES;
				CLANG_WARN_OBJC_ROOT_CLASS = YES_ERROR;
				CLANG_WARN_RANGE_LOOP_ANALYSIS = YES;
				CLANG_WARN_STRICT_PROTOTYPES = YES;
				CLANG_WARN_SUSPICIOUS_MOVE = YES;
				CLANG_WARN_UNGUARDED_AVAILABILITY = YES_AGGRESSIVE;
				CLANG_WARN_UNREACHABLE_CODE = YES;
				CLANG_WARN__DUPLICATE_METHOD_MATCH = YES;
				CODE_SIGN_IDENTITY = "iPhone Developer";
				COPY_PHASE_STRIP = NO;
				DEBUG_INFORMATION_FORMAT = "dwarf-with-dsym";
				ENABLE_NS_ASSERTIONS = NO;
				ENABLE_STRICT_OBJC_MSGSEND = YES;
				GCC_C_LANGUAGE_STANDARD = gnu11;
				GCC_NO_COMMON_BLOCKS = YES;
				GCC_WARN_64_TO_32_BIT_CONVERSION = YES;
				GCC_WARN_ABOUT_RETURN_TYPE = YES_ERROR;
				GCC_WARN_UNDECLARED_SELECTOR = YES;
				GCC_WARN_UNINITIALIZED_AUTOS = YES_AGGRESSIVE;
				GCC_WARN_UNUSED_FUNCTION = YES;
				GCC_WARN_UNUSED_VARIABLE = YES;
				IPHONEOS_DEPLOYMENT_TARGET = 12.2;
				MTL_ENABLE_DEBUG_INFO = NO;
				MTL_FAST_MATH = YES;
				SDKROOT = iphoneos;
				SWIFT_COMPILATION_MODE = wholemodule;
				SWIFT_OPTIMIZATION_LEVEL = "-O";
				VALIDATE_PRODUCT = YES;
			};
			name = Release;
		};
		E1684E6F2269161000A96B78 /* Debug */ = {
			isa = XCBuildConfiguration;
			baseConfigurationReference = 7B09C5C8ACD6423E2ABE7A30 /* Pods-Weather.debug.xcconfig */;
			buildSettings = {
				ASSETCATALOG_COMPILER_APPICON_NAME = AppIcon;
				CODE_SIGN_STYLE = Manual;
				DEVELOPMENT_TEAM = "";
				INFOPLIST_FILE = Weather/Support/Info.plist;
				IPHONEOS_DEPLOYMENT_TARGET = 11;
				LD_RUNPATH_SEARCH_PATHS = (
					"$(inherited)",
					"@executable_path/Frameworks",
				);
				PRODUCT_BUNDLE_IDENTIFIER = com.iOSPlayground.Weather;
				PRODUCT_NAME = "$(TARGET_NAME)";
				PROVISIONING_PROFILE_SPECIFIER = "";
				SWIFT_VERSION = 5.0;
				TARGETED_DEVICE_FAMILY = "1,2";
			};
			name = Debug;
		};
		E1684E702269161000A96B78 /* Release */ = {
			isa = XCBuildConfiguration;
			baseConfigurationReference = 1FDB3C5C1B98D5D49D3192D6 /* Pods-Weather.release.xcconfig */;
			buildSettings = {
				ASSETCATALOG_COMPILER_APPICON_NAME = AppIcon;
				CODE_SIGN_STYLE = Manual;
				DEVELOPMENT_TEAM = "";
				INFOPLIST_FILE = Weather/Support/Info.plist;
				IPHONEOS_DEPLOYMENT_TARGET = 11;
				LD_RUNPATH_SEARCH_PATHS = (
					"$(inherited)",
					"@executable_path/Frameworks",
				);
				PRODUCT_BUNDLE_IDENTIFIER = com.iOSPlayground.Weather;
				PRODUCT_NAME = "$(TARGET_NAME)";
				PROVISIONING_PROFILE_SPECIFIER = "";
				SWIFT_VERSION = 5.0;
				TARGETED_DEVICE_FAMILY = "1,2";
			};
			name = Release;
		};
/* End XCBuildConfiguration section */

/* Begin XCConfigurationList section */
		E1684E572269160F00A96B78 /* Build configuration list for PBXProject "Weather" */ = {
			isa = XCConfigurationList;
			buildConfigurations = (
				E1684E6C2269161000A96B78 /* Debug */,
				E1684E6D2269161000A96B78 /* Release */,
			);
			defaultConfigurationIsVisible = 0;
			defaultConfigurationName = Release;
		};
		E1684E6E2269161000A96B78 /* Build configuration list for PBXNativeTarget "Weather" */ = {
			isa = XCConfigurationList;
			buildConfigurations = (
				E1684E6F2269161000A96B78 /* Debug */,
				E1684E702269161000A96B78 /* Release */,
			);
			defaultConfigurationIsVisible = 0;
			defaultConfigurationName = Release;
		};
/* End XCConfigurationList section */
	};
	rootObject = E1684E542269160F00A96B78 /* Project object */;
}
